
Microsoft Visual Studio Solution File, Format Version 12.00
# Visual Studio Version 16
VisualStudioVersion = 16.0.30406.217
MinimumVisualStudioVersion = 10.0.40219.1
Project("{8BC9CEB8-8B4A-11D0-8D11-00A0C91BC942}") = "simpleVM", "simpleVM\simpleVM.vcxproj", "{A593F76B-1063-4F68-A425-083C6923D1DC}"
EndProject
Global
	GlobalSection(SolutionConfigurationPlatforms) = preSolution
		Debug|x64 = Debug|x64
		Debug|x86 = Debug|x86
		Release|x64 = Release|x64
		Release|x86 = Release|x86
	EndGlobalSection
	GlobalSection(ProjectConfigurationPlatforms) = postSolution
		{A593F76B-1063-4F68-A425-083C6923D1DC}.Debug|x64.ActiveCfg = Debug|x64
		{A593F76B-1063-4F68-A425-083C6923D1DC}.Debug|x64.Build.0 = Debug|x64
		{A593F76B-1063-4F68-A425-083C6923D1DC}.Debug|x86.ActiveCfg = Debug|Win32
		{A593F76B-1063-4F68-A425-083C6923D1DC}.Debug|x86.Build.0 = Debug|Win32
		{A593F76B-1063-4F68-A425-083C6923D1DC}.Release|x64.ActiveCfg = Release|x64
		{A593F76B-1063-4F68-A425-083C6923D1DC}.Release|x64.Build.0 = Release|x64
		{A593F76B-1063-4F68-A425-083C6923D1DC}.Release|x86.ActiveCfg = Release|Win32
		{A593F76B-1063-4F68-A425-083C6923D1DC}.Release|x86.Build.0 = Release|Win32
	EndGlobalSection
	GlobalSection(SolutionProperties) = preSolution
		HideSolutionNode = FALSE
	EndGlobalSection
	GlobalSection(ExtensibilityGlobals) = postSolution
		SolutionGuid = {7C9E2519-E08F-484C-8DCA-97A544581539}
	EndGlobalSection
EndGlobal
